// !$*UTF8*$!
{
	archiveVersion = 1;
	classes = {
	};
	objectVersion = 51;
	objects = {

/* Begin PBXBuildFile section */
		7922A9CB24B4BBB8002A7957 /* AppDelegate.swift in Sources */ = {isa = PBXBuildFile; fileRef = 7922A9CA24B4BBB8002A7957 /* AppDelegate.swift */; };
		7922A9CD24B4BBB8002A7957 /* SceneDelegate.swift in Sources */ = {isa = PBXBuildFile; fileRef = 7922A9CC24B4BBB8002A7957 /* SceneDelegate.swift */; };
		7922A9CF24B4BBB8002A7957 /* ContentView.swift in Sources */ = {isa = PBXBuildFile; fileRef = 7922A9CE24B4BBB8002A7957 /* ContentView.swift */; };
		7922A9D124B4BBBA002A7957 /* Assets.xcassets in Resources */ = {isa = PBXBuildFile; fileRef = 7922A9D024B4BBBA002A7957 /* Assets.xcassets */; };
		7922A9D424B4BBBA002A7957 /* Preview Assets.xcassets in Resources */ = {isa = PBXBuildFile; fileRef = 7922A9D324B4BBBA002A7957 /* Preview Assets.xcassets */; };
		7922A9D724B4BBBA002A7957 /* LaunchScreen.storyboard in Resources */ = {isa = PBXBuildFile; fileRef = 7922A9D524B4BBBA002A7957 /* LaunchScreen.storyboard */; };
		7922A9E824B4CA7C002A7957 /* Baloo2-ExtraBold.ttf in Resources */ = {isa = PBXBuildFile; fileRef = 7922A9E324B4CA7C002A7957 /* Baloo2-ExtraBold.ttf */; };
		7922A9E924B4CA7C002A7957 /* Baloo2-Regular.ttf in Resources */ = {isa = PBXBuildFile; fileRef = 7922A9E424B4CA7C002A7957 /* Baloo2-Regular.ttf */; };
		7922A9EA24B4CA7C002A7957 /* Baloo2-Medium.ttf in Resources */ = {isa = PBXBuildFile; fileRef = 7922A9E524B4CA7C002A7957 /* Baloo2-Medium.ttf */; };
		7922A9EB24B4CA7C002A7957 /* Baloo2-Bold.ttf in Resources */ = {isa = PBXBuildFile; fileRef = 7922A9E624B4CA7C002A7957 /* Baloo2-Bold.ttf */; };
		7922A9EC24B4CA7C002A7957 /* Baloo2-SemiBold.ttf in Resources */ = {isa = PBXBuildFile; fileRef = 7922A9E724B4CA7C002A7957 /* Baloo2-SemiBold.ttf */; };
		792DE2DD24BC8DE3009D175D /* MainPageDTO.swift in Sources */ = {isa = PBXBuildFile; fileRef = 792DE2DC24BC8DE3009D175D /* MainPageDTO.swift */; };
		792DE2E124BC94EA009D175D /* MainApiService.swift in Sources */ = {isa = PBXBuildFile; fileRef = 792DE2E024BC94EA009D175D /* MainApiService.swift */; };
		792DE2E324BC962F009D175D /* MainApiWorker.swift in Sources */ = {isa = PBXBuildFile; fileRef = 792DE2E224BC962F009D175D /* MainApiWorker.swift */; };
		792DE2E624BC9B37009D175D /* MainInteractor.swift in Sources */ = {isa = PBXBuildFile; fileRef = 792DE2E524BC9B37009D175D /* MainInteractor.swift */; };
		792DE2E924BC9C16009D175D /* MainUsecases.swift in Sources */ = {isa = PBXBuildFile; fileRef = 792DE2E824BC9C16009D175D /* MainUsecases.swift */; };
		792DE2EB24BC9C48009D175D /* MainEvents.swift in Sources */ = {isa = PBXBuildFile; fileRef = 792DE2EA24BC9C48009D175D /* MainEvents.swift */; };
		792DE2EE24BCA3DE009D175D /* MainPresenter.swift in Sources */ = {isa = PBXBuildFile; fileRef = 792DE2ED24BCA3DE009D175D /* MainPresenter.swift */; };
		792DE2F124BCA6A4009D175D /* MainViewModel.swift in Sources */ = {isa = PBXBuildFile; fileRef = 792DE2F024BCA6A4009D175D /* MainViewModel.swift */; };
		792DE2F324BCA76A009D175D /* MainPageViewModel.swift in Sources */ = {isa = PBXBuildFile; fileRef = 792DE2F224BCA76A009D175D /* MainPageViewModel.swift */; };
		792DE2F524BCAAB4009D175D /* StatusBarItem.swift in Sources */ = {isa = PBXBuildFile; fileRef = 792DE2F424BCAAB4009D175D /* StatusBarItem.swift */; };
		792DE2F724BCAF8B009D175D /* StructureType.swift in Sources */ = {isa = PBXBuildFile; fileRef = 792DE2F624BCAF8B009D175D /* StructureType.swift */; };
		7947D99624B84A2700C5306D /* UIColor+Extension.swift in Sources */ = {isa = PBXBuildFile; fileRef = 7947D99524B84A2700C5306D /* UIColor+Extension.swift */; };
		7947D99924B859F100C5306D /* NavigationBarModifier.swift in Sources */ = {isa = PBXBuildFile; fileRef = 7947D99824B859F100C5306D /* NavigationBarModifier.swift */; };
		7947D99B24B85A5400C5306D /* View+Extension.swift in Sources */ = {isa = PBXBuildFile; fileRef = 7947D99A24B85A5400C5306D /* View+Extension.swift */; };
		7947D99D24B8678700C5306D /* HostingController.swift in Sources */ = {isa = PBXBuildFile; fileRef = 7947D99C24B8678700C5306D /* HostingController.swift */; };
		794C674824B6F8AD006D1F2B /* RootPage.swift in Sources */ = {isa = PBXBuildFile; fileRef = 794C674724B6F8AD006D1F2B /* RootPage.swift */; };
		794CAACA24B5C51B007DC9C7 /* BaseApiService.swift in Sources */ = {isa = PBXBuildFile; fileRef = 794CAAC724B5C51A007DC9C7 /* BaseApiService.swift */; };
		794CAACB24B5C51B007DC9C7 /* BaseApiWorker.swift in Sources */ = {isa = PBXBuildFile; fileRef = 794CAAC824B5C51A007DC9C7 /* BaseApiWorker.swift */; };
		794CAACC24B5C51B007DC9C7 /* ServerProxy.swift in Sources */ = {isa = PBXBuildFile; fileRef = 794CAAC924B5C51A007DC9C7 /* ServerProxy.swift */; };
		794CAACF24B5C577007DC9C7 /* ApiError.swift in Sources */ = {isa = PBXBuildFile; fileRef = 794CAACE24B5C577007DC9C7 /* ApiError.swift */; };
		794CAAD324B5C6FB007DC9C7 /* Login.swift in Sources */ = {isa = PBXBuildFile; fileRef = 794CAAD224B5C6FB007DC9C7 /* Login.swift */; };
		794CAAD624B5C730007DC9C7 /* LoginPage.swift in Sources */ = {isa = PBXBuildFile; fileRef = 794CAAD524B5C730007DC9C7 /* LoginPage.swift */; };
		794CAAD924B5CDF5007DC9C7 /* Colors.swift in Sources */ = {isa = PBXBuildFile; fileRef = 794CAAD824B5CDF5007DC9C7 /* Colors.swift */; };
		794CAADC24B5CF38007DC9C7 /* Color+Extension.swift in Sources */ = {isa = PBXBuildFile; fileRef = 794CAADB24B5CF38007DC9C7 /* Color+Extension.swift */; };
		794CAADF24B5EBEC007DC9C7 /* SeaButton.swift in Sources */ = {isa = PBXBuildFile; fileRef = 794CAADE24B5EBEC007DC9C7 /* SeaButton.swift */; };
		794CAAE124B5FB61007DC9C7 /* SeaInputField.swift in Sources */ = {isa = PBXBuildFile; fileRef = 794CAAE024B5FB61007DC9C7 /* SeaInputField.swift */; };
		794CAAE524B60753007DC9C7 /* Register.swift in Sources */ = {isa = PBXBuildFile; fileRef = 794CAAE424B60753007DC9C7 /* Register.swift */; };
		794CAAE724B60764007DC9C7 /* RegisterPage.swift in Sources */ = {isa = PBXBuildFile; fileRef = 794CAAE624B60764007DC9C7 /* RegisterPage.swift */; };
		79820C5024B707F7006D7258 /* RootPageController.swift in Sources */ = {isa = PBXBuildFile; fileRef = 79820C4F24B707F7006D7258 /* RootPageController.swift */; };
		79820C5824B716C1006D7258 /* teams.svg in Resources */ = {isa = PBXBuildFile; fileRef = 79820C5424B716C1006D7258 /* teams.svg */; };
		79820C5924B716C1006D7258 /* city.svg in Resources */ = {isa = PBXBuildFile; fileRef = 79820C5524B716C1006D7258 /* city.svg */; };
		79820C5A24B716C1006D7258 /* main.svg in Resources */ = {isa = PBXBuildFile; fileRef = 79820C5624B716C1006D7258 /* main.svg */; };
		79820C5B24B716C1006D7258 /* attack.svg in Resources */ = {isa = PBXBuildFile; fileRef = 79820C5724B716C1006D7258 /* attack.svg */; };
		79820C6C24B716E5006D7258 /* userImage.svg in Resources */ = {isa = PBXBuildFile; fileRef = 79820C6A24B716E5006D7258 /* userImage.svg */; };
		79820C6D24B716E5006D7258 /* underseaLogo.svg in Resources */ = {isa = PBXBuildFile; fileRef = 79820C6B24B716E5006D7258 /* underseaLogo.svg */; };
		79820C7124B71D08006D7258 /* TabController.swift in Sources */ = {isa = PBXBuildFile; fileRef = 79820C7024B71D08006D7258 /* TabController.swift */; };
		79820C7B24B71E01006D7258 /* Main.swift in Sources */ = {isa = PBXBuildFile; fileRef = 79820C7A24B71E01006D7258 /* Main.swift */; };
		79820C7D24B71E0C006D7258 /* MainPage.swift in Sources */ = {isa = PBXBuildFile; fileRef = 79820C7C24B71E0C006D7258 /* MainPage.swift */; };
		79820C7F24B71E20006D7258 /* City.swift in Sources */ = {isa = PBXBuildFile; fileRef = 79820C7E24B71E20006D7258 /* City.swift */; };
		79820C8124B71E2C006D7258 /* CityPage.swift in Sources */ = {isa = PBXBuildFile; fileRef = 79820C8024B71E2C006D7258 /* CityPage.swift */; };
		79820C8524B73A43006D7258 /* Attack.swift in Sources */ = {isa = PBXBuildFile; fileRef = 79820C8424B73A43006D7258 /* Attack.swift */; };
		79820C8724B73A4D006D7258 /* Teams.swift in Sources */ = {isa = PBXBuildFile; fileRef = 79820C8624B73A4D006D7258 /* Teams.swift */; };
		79820C8924B73A5B006D7258 /* AttackPage.swift in Sources */ = {isa = PBXBuildFile; fileRef = 79820C8824B73A5B006D7258 /* AttackPage.swift */; };
		79820C8B24B73A67006D7258 /* TeamsPage.swift in Sources */ = {isa = PBXBuildFile; fileRef = 79820C8A24B73A67006D7258 /* TeamsPage.swift */; };
		79820C8D24B7415C006D7258 /* CustomTabBar.swift in Sources */ = {isa = PBXBuildFile; fileRef = 79820C8C24B7415C006D7258 /* CustomTabBar.swift */; };
		79820C8F24B76155006D7258 /* SVGImage.swift in Sources */ = {isa = PBXBuildFile; fileRef = 79820C8E24B76155006D7258 /* SVGImage.swift */; };
		799C0DC324B8B39900CEBD2E /* shark.svg in Resources */ = {isa = PBXBuildFile; fileRef = 799C0DC224B8B39900CEBD2E /* shark.svg */; };
		799C0DCA24B8B3BC00CEBD2E /* seahorse.svg in Resources */ = {isa = PBXBuildFile; fileRef = 799C0DC424B8B3BB00CEBD2E /* seahorse.svg */; };
		799C0DCB24B8B3BC00CEBD2E /* seal.svg in Resources */ = {isa = PBXBuildFile; fileRef = 799C0DC524B8B3BC00CEBD2E /* seal.svg */; };
		799C0DCC24B8B3BC00CEBD2E /* reefcastle.svg in Resources */ = {isa = PBXBuildFile; fileRef = 799C0DC624B8B3BC00CEBD2E /* reefcastle.svg */; };
		799C0DCD24B8B3BC00CEBD2E /* pearl.svg in Resources */ = {isa = PBXBuildFile; fileRef = 799C0DC724B8B3BC00CEBD2E /* pearl.svg */; };
		799C0DCE24B8B3BC00CEBD2E /* coral.svg in Resources */ = {isa = PBXBuildFile; fileRef = 799C0DC824B8B3BC00CEBD2E /* coral.svg */; };
		799C0DCF24B8B3BC00CEBD2E /* flowRegulator.svg in Resources */ = {isa = PBXBuildFile; fileRef = 799C0DC924B8B3BC00CEBD2E /* flowRegulator.svg */; };
		79C39EEB24B8B11400803C00 /* SlideInMenu.swift in Sources */ = {isa = PBXBuildFile; fileRef = 79C39EEA24B8B11400803C00 /* SlideInMenu.swift */; };
		79C39EED24B8B12000803C00 /* SlideInMenuView.swift in Sources */ = {isa = PBXBuildFile; fileRef = 79C39EEC24B8B12000803C00 /* SlideInMenuView.swift */; };
		9716A4D8D401F86C5396A3DE /* Pods_Undersea.framework in Frameworks */ = {isa = PBXBuildFile; fileRef = A22C343B8C5C4E5D915B7CB6 /* Pods_Undersea.framework */; };
/* End PBXBuildFile section */

/* Begin PBXFileReference section */
		0407B9A606DA13EEE39D4DF7 /* Pods-Undersea.release.xcconfig */ = {isa = PBXFileReference; includeInIndex = 1; lastKnownFileType = text.xcconfig; name = "Pods-Undersea.release.xcconfig"; path = "Target Support Files/Pods-Undersea/Pods-Undersea.release.xcconfig"; sourceTree = "<group>"; };
		7922A9C724B4BBB8002A7957 /* Undersea.app */ = {isa = PBXFileReference; explicitFileType = wrapper.application; includeInIndex = 0; path = Undersea.app; sourceTree = BUILT_PRODUCTS_DIR; };
		7922A9CA24B4BBB8002A7957 /* AppDelegate.swift */ = {isa = PBXFileReference; lastKnownFileType = sourcecode.swift; path = AppDelegate.swift; sourceTree = "<group>"; };
		7922A9CC24B4BBB8002A7957 /* SceneDelegate.swift */ = {isa = PBXFileReference; lastKnownFileType = sourcecode.swift; path = SceneDelegate.swift; sourceTree = "<group>"; };
		7922A9CE24B4BBB8002A7957 /* ContentView.swift */ = {isa = PBXFileReference; lastKnownFileType = sourcecode.swift; path = ContentView.swift; sourceTree = "<group>"; };
		7922A9D024B4BBBA002A7957 /* Assets.xcassets */ = {isa = PBXFileReference; lastKnownFileType = folder.assetcatalog; path = Assets.xcassets; sourceTree = "<group>"; };
		7922A9D324B4BBBA002A7957 /* Preview Assets.xcassets */ = {isa = PBXFileReference; lastKnownFileType = folder.assetcatalog; path = "Preview Assets.xcassets"; sourceTree = "<group>"; };
		7922A9D624B4BBBA002A7957 /* Base */ = {isa = PBXFileReference; lastKnownFileType = file.storyboard; name = Base; path = Base.lproj/LaunchScreen.storyboard; sourceTree = "<group>"; };
		7922A9D824B4BBBA002A7957 /* Info.plist */ = {isa = PBXFileReference; lastKnownFileType = text.plist.xml; path = Info.plist; sourceTree = "<group>"; };
		7922A9E324B4CA7C002A7957 /* Baloo2-ExtraBold.ttf */ = {isa = PBXFileReference; lastKnownFileType = file; path = "Baloo2-ExtraBold.ttf"; sourceTree = "<group>"; };
		7922A9E424B4CA7C002A7957 /* Baloo2-Regular.ttf */ = {isa = PBXFileReference; lastKnownFileType = file; path = "Baloo2-Regular.ttf"; sourceTree = "<group>"; };
		7922A9E524B4CA7C002A7957 /* Baloo2-Medium.ttf */ = {isa = PBXFileReference; lastKnownFileType = file; path = "Baloo2-Medium.ttf"; sourceTree = "<group>"; };
		7922A9E624B4CA7C002A7957 /* Baloo2-Bold.ttf */ = {isa = PBXFileReference; lastKnownFileType = file; path = "Baloo2-Bold.ttf"; sourceTree = "<group>"; };
		7922A9E724B4CA7C002A7957 /* Baloo2-SemiBold.ttf */ = {isa = PBXFileReference; lastKnownFileType = file; path = "Baloo2-SemiBold.ttf"; sourceTree = "<group>"; };
		792DE2DC24BC8DE3009D175D /* MainPageDTO.swift */ = {isa = PBXFileReference; lastKnownFileType = sourcecode.swift; path = MainPageDTO.swift; sourceTree = "<group>"; };
		792DE2E024BC94EA009D175D /* MainApiService.swift */ = {isa = PBXFileReference; lastKnownFileType = sourcecode.swift; path = MainApiService.swift; sourceTree = "<group>"; };
		792DE2E224BC962F009D175D /* MainApiWorker.swift */ = {isa = PBXFileReference; lastKnownFileType = sourcecode.swift; path = MainApiWorker.swift; sourceTree = "<group>"; };
		792DE2E524BC9B37009D175D /* MainInteractor.swift */ = {isa = PBXFileReference; lastKnownFileType = sourcecode.swift; path = MainInteractor.swift; sourceTree = "<group>"; };
		792DE2E824BC9C16009D175D /* MainUsecases.swift */ = {isa = PBXFileReference; lastKnownFileType = sourcecode.swift; path = MainUsecases.swift; sourceTree = "<group>"; };
		792DE2EA24BC9C48009D175D /* MainEvents.swift */ = {isa = PBXFileReference; lastKnownFileType = sourcecode.swift; path = MainEvents.swift; sourceTree = "<group>"; };
		792DE2ED24BCA3DE009D175D /* MainPresenter.swift */ = {isa = PBXFileReference; lastKnownFileType = sourcecode.swift; path = MainPresenter.swift; sourceTree = "<group>"; };
		792DE2F024BCA6A4009D175D /* MainViewModel.swift */ = {isa = PBXFileReference; lastKnownFileType = sourcecode.swift; path = MainViewModel.swift; sourceTree = "<group>"; };
		792DE2F224BCA76A009D175D /* MainPageViewModel.swift */ = {isa = PBXFileReference; lastKnownFileType = sourcecode.swift; path = MainPageViewModel.swift; sourceTree = "<group>"; };
		792DE2F424BCAAB4009D175D /* StatusBarItem.swift */ = {isa = PBXFileReference; lastKnownFileType = sourcecode.swift; path = StatusBarItem.swift; sourceTree = "<group>"; };
		792DE2F624BCAF8B009D175D /* StructureType.swift */ = {isa = PBXFileReference; lastKnownFileType = sourcecode.swift; path = StructureType.swift; sourceTree = "<group>"; };
		7947D99524B84A2700C5306D /* UIColor+Extension.swift */ = {isa = PBXFileReference; lastKnownFileType = sourcecode.swift; path = "UIColor+Extension.swift"; sourceTree = "<group>"; };
		7947D99824B859F100C5306D /* NavigationBarModifier.swift */ = {isa = PBXFileReference; lastKnownFileType = sourcecode.swift; path = NavigationBarModifier.swift; sourceTree = "<group>"; };
		7947D99A24B85A5400C5306D /* View+Extension.swift */ = {isa = PBXFileReference; lastKnownFileType = sourcecode.swift; path = "View+Extension.swift"; sourceTree = "<group>"; };
		7947D99C24B8678700C5306D /* HostingController.swift */ = {isa = PBXFileReference; lastKnownFileType = sourcecode.swift; path = HostingController.swift; sourceTree = "<group>"; };
		794C674724B6F8AD006D1F2B /* RootPage.swift */ = {isa = PBXFileReference; lastKnownFileType = sourcecode.swift; path = RootPage.swift; sourceTree = "<group>"; };
		794CAAC724B5C51A007DC9C7 /* BaseApiService.swift */ = {isa = PBXFileReference; fileEncoding = 4; lastKnownFileType = sourcecode.swift; path = BaseApiService.swift; sourceTree = "<group>"; };
		794CAAC824B5C51A007DC9C7 /* BaseApiWorker.swift */ = {isa = PBXFileReference; fileEncoding = 4; lastKnownFileType = sourcecode.swift; path = BaseApiWorker.swift; sourceTree = "<group>"; };
		794CAAC924B5C51A007DC9C7 /* ServerProxy.swift */ = {isa = PBXFileReference; fileEncoding = 4; lastKnownFileType = sourcecode.swift; path = ServerProxy.swift; sourceTree = "<group>"; };
		794CAACE24B5C577007DC9C7 /* ApiError.swift */ = {isa = PBXFileReference; fileEncoding = 4; lastKnownFileType = sourcecode.swift; path = ApiError.swift; sourceTree = "<group>"; };
		794CAAD224B5C6FB007DC9C7 /* Login.swift */ = {isa = PBXFileReference; lastKnownFileType = sourcecode.swift; path = Login.swift; sourceTree = "<group>"; };
		794CAAD524B5C730007DC9C7 /* LoginPage.swift */ = {isa = PBXFileReference; lastKnownFileType = sourcecode.swift; path = LoginPage.swift; sourceTree = "<group>"; };
		794CAAD824B5CDF5007DC9C7 /* Colors.swift */ = {isa = PBXFileReference; lastKnownFileType = sourcecode.swift; path = Colors.swift; sourceTree = "<group>"; };
		794CAADB24B5CF38007DC9C7 /* Color+Extension.swift */ = {isa = PBXFileReference; lastKnownFileType = sourcecode.swift; path = "Color+Extension.swift"; sourceTree = "<group>"; };
		794CAADE24B5EBEC007DC9C7 /* SeaButton.swift */ = {isa = PBXFileReference; lastKnownFileType = sourcecode.swift; path = SeaButton.swift; sourceTree = "<group>"; };
		794CAAE024B5FB61007DC9C7 /* SeaInputField.swift */ = {isa = PBXFileReference; lastKnownFileType = sourcecode.swift; path = SeaInputField.swift; sourceTree = "<group>"; };
		794CAAE424B60753007DC9C7 /* Register.swift */ = {isa = PBXFileReference; lastKnownFileType = sourcecode.swift; path = Register.swift; sourceTree = "<group>"; };
		794CAAE624B60764007DC9C7 /* RegisterPage.swift */ = {isa = PBXFileReference; lastKnownFileType = sourcecode.swift; path = RegisterPage.swift; sourceTree = "<group>"; };
		79820C4F24B707F7006D7258 /* RootPageController.swift */ = {isa = PBXFileReference; lastKnownFileType = sourcecode.swift; path = RootPageController.swift; sourceTree = "<group>"; };
		79820C5424B716C1006D7258 /* teams.svg */ = {isa = PBXFileReference; fileEncoding = 4; lastKnownFileType = text; path = teams.svg; sourceTree = "<group>"; };
		79820C5524B716C1006D7258 /* city.svg */ = {isa = PBXFileReference; fileEncoding = 4; lastKnownFileType = text; path = city.svg; sourceTree = "<group>"; };
		79820C5624B716C1006D7258 /* main.svg */ = {isa = PBXFileReference; fileEncoding = 4; lastKnownFileType = text; path = main.svg; sourceTree = "<group>"; };
		79820C5724B716C1006D7258 /* attack.svg */ = {isa = PBXFileReference; fileEncoding = 4; lastKnownFileType = text; path = attack.svg; sourceTree = "<group>"; };
		79820C6A24B716E5006D7258 /* userImage.svg */ = {isa = PBXFileReference; fileEncoding = 4; lastKnownFileType = text; path = userImage.svg; sourceTree = "<group>"; };
		79820C6B24B716E5006D7258 /* underseaLogo.svg */ = {isa = PBXFileReference; fileEncoding = 4; lastKnownFileType = text; path = underseaLogo.svg; sourceTree = "<group>"; };
		79820C7024B71D08006D7258 /* TabController.swift */ = {isa = PBXFileReference; lastKnownFileType = sourcecode.swift; path = TabController.swift; sourceTree = "<group>"; };
		79820C7A24B71E01006D7258 /* Main.swift */ = {isa = PBXFileReference; lastKnownFileType = sourcecode.swift; path = Main.swift; sourceTree = "<group>"; };
		79820C7C24B71E0C006D7258 /* MainPage.swift */ = {isa = PBXFileReference; lastKnownFileType = sourcecode.swift; path = MainPage.swift; sourceTree = "<group>"; };
		79820C7E24B71E20006D7258 /* City.swift */ = {isa = PBXFileReference; lastKnownFileType = sourcecode.swift; path = City.swift; sourceTree = "<group>"; };
		79820C8024B71E2C006D7258 /* CityPage.swift */ = {isa = PBXFileReference; lastKnownFileType = sourcecode.swift; path = CityPage.swift; sourceTree = "<group>"; };
		79820C8424B73A43006D7258 /* Attack.swift */ = {isa = PBXFileReference; lastKnownFileType = sourcecode.swift; path = Attack.swift; sourceTree = "<group>"; };
		79820C8624B73A4D006D7258 /* Teams.swift */ = {isa = PBXFileReference; lastKnownFileType = sourcecode.swift; path = Teams.swift; sourceTree = "<group>"; };
		79820C8824B73A5B006D7258 /* AttackPage.swift */ = {isa = PBXFileReference; lastKnownFileType = sourcecode.swift; path = AttackPage.swift; sourceTree = "<group>"; };
		79820C8A24B73A67006D7258 /* TeamsPage.swift */ = {isa = PBXFileReference; lastKnownFileType = sourcecode.swift; path = TeamsPage.swift; sourceTree = "<group>"; };
		79820C8C24B7415C006D7258 /* CustomTabBar.swift */ = {isa = PBXFileReference; lastKnownFileType = sourcecode.swift; path = CustomTabBar.swift; sourceTree = "<group>"; };
		79820C8E24B76155006D7258 /* SVGImage.swift */ = {isa = PBXFileReference; lastKnownFileType = sourcecode.swift; path = SVGImage.swift; sourceTree = "<group>"; };
		799C0DC224B8B39900CEBD2E /* shark.svg */ = {isa = PBXFileReference; fileEncoding = 4; lastKnownFileType = text; path = shark.svg; sourceTree = "<group>"; };
		799C0DC424B8B3BB00CEBD2E /* seahorse.svg */ = {isa = PBXFileReference; fileEncoding = 4; lastKnownFileType = text; path = seahorse.svg; sourceTree = "<group>"; };
		799C0DC524B8B3BC00CEBD2E /* seal.svg */ = {isa = PBXFileReference; fileEncoding = 4; lastKnownFileType = text; path = seal.svg; sourceTree = "<group>"; };
		799C0DC624B8B3BC00CEBD2E /* reefcastle.svg */ = {isa = PBXFileReference; fileEncoding = 4; lastKnownFileType = text; path = reefcastle.svg; sourceTree = "<group>"; };
		799C0DC724B8B3BC00CEBD2E /* pearl.svg */ = {isa = PBXFileReference; fileEncoding = 4; lastKnownFileType = text; path = pearl.svg; sourceTree = "<group>"; };
		799C0DC824B8B3BC00CEBD2E /* coral.svg */ = {isa = PBXFileReference; fileEncoding = 4; lastKnownFileType = text; path = coral.svg; sourceTree = "<group>"; };
		799C0DC924B8B3BC00CEBD2E /* flowRegulator.svg */ = {isa = PBXFileReference; fileEncoding = 4; lastKnownFileType = text; path = flowRegulator.svg; sourceTree = "<group>"; };
		79C39EEA24B8B11400803C00 /* SlideInMenu.swift */ = {isa = PBXFileReference; lastKnownFileType = sourcecode.swift; path = SlideInMenu.swift; sourceTree = "<group>"; };
		79C39EEC24B8B12000803C00 /* SlideInMenuView.swift */ = {isa = PBXFileReference; lastKnownFileType = sourcecode.swift; path = SlideInMenuView.swift; sourceTree = "<group>"; };
		7B2A8D040160C9A807195C73 /* Pods-Undersea.debug.xcconfig */ = {isa = PBXFileReference; includeInIndex = 1; lastKnownFileType = text.xcconfig; name = "Pods-Undersea.debug.xcconfig"; path = "Target Support Files/Pods-Undersea/Pods-Undersea.debug.xcconfig"; sourceTree = "<group>"; };
		A22C343B8C5C4E5D915B7CB6 /* Pods_Undersea.framework */ = {isa = PBXFileReference; explicitFileType = wrapper.framework; includeInIndex = 0; path = Pods_Undersea.framework; sourceTree = BUILT_PRODUCTS_DIR; };
/* End PBXFileReference section */

/* Begin PBXFrameworksBuildPhase section */
		7922A9C424B4BBB8002A7957 /* Frameworks */ = {
			isa = PBXFrameworksBuildPhase;
			buildActionMask = 2147483647;
			files = (
				9716A4D8D401F86C5396A3DE /* Pods_Undersea.framework in Frameworks */,
			);
			runOnlyForDeploymentPostprocessing = 0;
		};
/* End PBXFrameworksBuildPhase section */

/* Begin PBXGroup section */
		36CBCC1D8A20658202E41CF2 /* Pods */ = {
			isa = PBXGroup;
			children = (
				7B2A8D040160C9A807195C73 /* Pods-Undersea.debug.xcconfig */,
				0407B9A606DA13EEE39D4DF7 /* Pods-Undersea.release.xcconfig */,
			);
			path = Pods;
			sourceTree = "<group>";
		};
		7922A9BE24B4BBB7002A7957 = {
			isa = PBXGroup;
			children = (
				7922A9C924B4BBB8002A7957 /* Undersea */,
				7922A9C824B4BBB8002A7957 /* Products */,
				36CBCC1D8A20658202E41CF2 /* Pods */,
				949F0AF84BE2BB186A73D15E /* Frameworks */,
			);
			sourceTree = "<group>";
		};
		7922A9C824B4BBB8002A7957 /* Products */ = {
			isa = PBXGroup;
			children = (
				7922A9C724B4BBB8002A7957 /* Undersea.app */,
			);
			name = Products;
			sourceTree = "<group>";
		};
		7922A9C924B4BBB8002A7957 /* Undersea */ = {
			isa = PBXGroup;
			children = (
				794CAAD024B5C697007DC9C7 /* Modules */,
				794CAAC524B5C4C8007DC9C7 /* Core */,
				7922A9E024B4CA39002A7957 /* Resources */,
				7922A9CA24B4BBB8002A7957 /* AppDelegate.swift */,
				7922A9CC24B4BBB8002A7957 /* SceneDelegate.swift */,
				7922A9CE24B4BBB8002A7957 /* ContentView.swift */,
				7922A9D524B4BBBA002A7957 /* LaunchScreen.storyboard */,
				7922A9D824B4BBBA002A7957 /* Info.plist */,
				7922A9D224B4BBBA002A7957 /* Preview Content */,
			);
			path = Undersea;
			sourceTree = "<group>";
		};
		7922A9D224B4BBBA002A7957 /* Preview Content */ = {
			isa = PBXGroup;
			children = (
				7922A9D324B4BBBA002A7957 /* Preview Assets.xcassets */,
			);
			path = "Preview Content";
			sourceTree = "<group>";
		};
		7922A9E024B4CA39002A7957 /* Resources */ = {
			isa = PBXGroup;
			children = (
				79820C5124B71685006D7258 /* SVG */,
				7922A9D024B4BBBA002A7957 /* Assets.xcassets */,
				7922A9E124B4CA4A002A7957 /* Fonts */,
			);
			path = Resources;
			sourceTree = "<group>";
		};
		7922A9E124B4CA4A002A7957 /* Fonts */ = {
			isa = PBXGroup;
			children = (
				7922A9E224B4CA5B002A7957 /* Baloo */,
			);
			path = Fonts;
			sourceTree = "<group>";
		};
		7922A9E224B4CA5B002A7957 /* Baloo */ = {
			isa = PBXGroup;
			children = (
				7922A9E624B4CA7C002A7957 /* Baloo2-Bold.ttf */,
				7922A9E324B4CA7C002A7957 /* Baloo2-ExtraBold.ttf */,
				7922A9E524B4CA7C002A7957 /* Baloo2-Medium.ttf */,
				7922A9E424B4CA7C002A7957 /* Baloo2-Regular.ttf */,
				7922A9E724B4CA7C002A7957 /* Baloo2-SemiBold.ttf */,
			);
			path = Baloo;
			sourceTree = "<group>";
		};
		792DE2DA24BC8D89009D175D /* Models */ = {
			isa = PBXGroup;
			children = (
				792DE2DB24BC8D97009D175D /* DTO */,
			);
			path = Models;
			sourceTree = "<group>";
		};
		792DE2DB24BC8D97009D175D /* DTO */ = {
			isa = PBXGroup;
			children = (
				792DE2DC24BC8DE3009D175D /* MainPageDTO.swift */,
			);
			path = DTO;
			sourceTree = "<group>";
		};
		792DE2DE24BC94B2009D175D /* Utilities */ = {
			isa = PBXGroup;
			children = (
				792DE2EF24BCA671009D175D /* ViewModels */,
				792DE2E724BC9C00009D175D /* Enums */,
				792DE2DF24BC94BB009D175D /* Network */,
			);
			path = Utilities;
			sourceTree = "<group>";
		};
		792DE2DF24BC94BB009D175D /* Network */ = {
			isa = PBXGroup;
			children = (
				792DE2E024BC94EA009D175D /* MainApiService.swift */,
				792DE2E224BC962F009D175D /* MainApiWorker.swift */,
			);
			path = Network;
			sourceTree = "<group>";
		};
		792DE2E424BC9A8F009D175D /* Interactor */ = {
			isa = PBXGroup;
			children = (
				792DE2E524BC9B37009D175D /* MainInteractor.swift */,
			);
			path = Interactor;
			sourceTree = "<group>";
		};
		792DE2E724BC9C00009D175D /* Enums */ = {
			isa = PBXGroup;
			children = (
				792DE2E824BC9C16009D175D /* MainUsecases.swift */,
				792DE2EA24BC9C48009D175D /* MainEvents.swift */,
			);
			path = Enums;
			sourceTree = "<group>";
		};
		792DE2EC24BCA3CE009D175D /* Presenter */ = {
			isa = PBXGroup;
			children = (
				792DE2ED24BCA3DE009D175D /* MainPresenter.swift */,
			);
			path = Presenter;
			sourceTree = "<group>";
		};
		792DE2EF24BCA671009D175D /* ViewModels */ = {
			isa = PBXGroup;
			children = (
				792DE2F024BCA6A4009D175D /* MainViewModel.swift */,
				792DE2F224BCA76A009D175D /* MainPageViewModel.swift */,
			);
			path = ViewModels;
			sourceTree = "<group>";
		};
		7947D99724B859D300C5306D /* Modifiers */ = {
			isa = PBXGroup;
			children = (
				7947D99824B859F100C5306D /* NavigationBarModifier.swift */,
			);
			path = Modifiers;
			sourceTree = "<group>";
		};
		794CAAC524B5C4C8007DC9C7 /* Core */ = {
			isa = PBXGroup;
			children = (
				792DE2DA24BC8D89009D175D /* Models */,
				794CAADD24B5EBCD007DC9C7 /* Components */,
				794CAADA24B5CF11007DC9C7 /* Extensions */,
				794CAAD724B5CDDC007DC9C7 /* Constants */,
				794CAACD24B5C562007DC9C7 /* Enums */,
				794CAAC624B5C4E9007DC9C7 /* Networking */,
			);
			path = Core;
			sourceTree = "<group>";
		};
		794CAAC624B5C4E9007DC9C7 /* Networking */ = {
			isa = PBXGroup;
			children = (
				794CAAC724B5C51A007DC9C7 /* BaseApiService.swift */,
				794CAAC824B5C51A007DC9C7 /* BaseApiWorker.swift */,
				794CAAC924B5C51A007DC9C7 /* ServerProxy.swift */,
			);
			path = Networking;
			sourceTree = "<group>";
		};
		794CAACD24B5C562007DC9C7 /* Enums */ = {
			isa = PBXGroup;
			children = (
				794CAACE24B5C577007DC9C7 /* ApiError.swift */,
				794C674724B6F8AD006D1F2B /* RootPage.swift */,
				792DE2F424BCAAB4009D175D /* StatusBarItem.swift */,
				792DE2F624BCAF8B009D175D /* StructureType.swift */,
			);
			path = Enums;
			sourceTree = "<group>";
		};
		794CAAD024B5C697007DC9C7 /* Modules */ = {
			isa = PBXGroup;
			children = (
				79C39EE824B8B0C200803C00 /* SlideInMenu */,
				79820C7524B71DC1006D7258 /* Teams */,
				79820C7424B71D4A006D7258 /* Attack */,
				79820C7324B71D43006D7258 /* City */,
				79820C7224B71D22006D7258 /* Main */,
				794CAAE224B60728007DC9C7 /* Register */,
				794CAAD124B5C6A9007DC9C7 /* Login */,
			);
			path = Modules;
			sourceTree = "<group>";
		};
		794CAAD124B5C6A9007DC9C7 /* Login */ = {
			isa = PBXGroup;
			children = (
				794CAAD424B5C707007DC9C7 /* View */,
				794CAAD224B5C6FB007DC9C7 /* Login.swift */,
			);
			path = Login;
			sourceTree = "<group>";
		};
		794CAAD424B5C707007DC9C7 /* View */ = {
			isa = PBXGroup;
			children = (
				794CAAD524B5C730007DC9C7 /* LoginPage.swift */,
			);
			path = View;
			sourceTree = "<group>";
		};
		794CAAD724B5CDDC007DC9C7 /* Constants */ = {
			isa = PBXGroup;
			children = (
				794CAAD824B5CDF5007DC9C7 /* Colors.swift */,
			);
			path = Constants;
			sourceTree = "<group>";
		};
		794CAADA24B5CF11007DC9C7 /* Extensions */ = {
			isa = PBXGroup;
			children = (
				794CAADB24B5CF38007DC9C7 /* Color+Extension.swift */,
				7947D99524B84A2700C5306D /* UIColor+Extension.swift */,
				7947D99A24B85A5400C5306D /* View+Extension.swift */,
			);
			path = Extensions;
			sourceTree = "<group>";
		};
		794CAADD24B5EBCD007DC9C7 /* Components */ = {
			isa = PBXGroup;
			children = (
				7947D99724B859D300C5306D /* Modifiers */,
				794CAADE24B5EBEC007DC9C7 /* SeaButton.swift */,
				794CAAE024B5FB61007DC9C7 /* SeaInputField.swift */,
				79820C4F24B707F7006D7258 /* RootPageController.swift */,
				79820C7024B71D08006D7258 /* TabController.swift */,
				79820C8C24B7415C006D7258 /* CustomTabBar.swift */,
				79820C8E24B76155006D7258 /* SVGImage.swift */,
				7947D99C24B8678700C5306D /* HostingController.swift */,
			);
			path = Components;
			sourceTree = "<group>";
		};
		794CAAE224B60728007DC9C7 /* Register */ = {
			isa = PBXGroup;
			children = (
				794CAAE324B60735007DC9C7 /* View */,
				794CAAE424B60753007DC9C7 /* Register.swift */,
			);
			path = Register;
			sourceTree = "<group>";
		};
		794CAAE324B60735007DC9C7 /* View */ = {
			isa = PBXGroup;
			children = (
				794CAAE624B60764007DC9C7 /* RegisterPage.swift */,
			);
			path = View;
			sourceTree = "<group>";
		};
		79820C5124B71685006D7258 /* SVG */ = {
			isa = PBXGroup;
			children = (
				79820C6E24B716E9006D7258 /* General */,
				79820C5324B716AA006D7258 /* Nav */,
				79820C5224B716A2006D7258 /* Stat */,
			);
			path = SVG;
			sourceTree = "<group>";
		};
		79820C5224B716A2006D7258 /* Stat */ = {
			isa = PBXGroup;
			children = (
				799C0DC824B8B3BC00CEBD2E /* coral.svg */,
				799C0DC924B8B3BC00CEBD2E /* flowRegulator.svg */,
				799C0DC724B8B3BC00CEBD2E /* pearl.svg */,
				799C0DC624B8B3BC00CEBD2E /* reefcastle.svg */,
				799C0DC424B8B3BB00CEBD2E /* seahorse.svg */,
				799C0DC524B8B3BC00CEBD2E /* seal.svg */,
				799C0DC224B8B39900CEBD2E /* shark.svg */,
			);
			path = Stat;
			sourceTree = "<group>";
		};
		79820C5324B716AA006D7258 /* Nav */ = {
			isa = PBXGroup;
			children = (
				79820C5424B716C1006D7258 /* teams.svg */,
				79820C5624B716C1006D7258 /* main.svg */,
				79820C5724B716C1006D7258 /* attack.svg */,
				79820C5524B716C1006D7258 /* city.svg */,
			);
			path = Nav;
			sourceTree = "<group>";
		};
		79820C6E24B716E9006D7258 /* General */ = {
			isa = PBXGroup;
			children = (
				79820C6B24B716E5006D7258 /* underseaLogo.svg */,
				79820C6A24B716E5006D7258 /* userImage.svg */,
			);
			path = General;
			sourceTree = "<group>";
		};
		79820C7224B71D22006D7258 /* Main */ = {
			isa = PBXGroup;
			children = (
				792DE2EC24BCA3CE009D175D /* Presenter */,
				792DE2E424BC9A8F009D175D /* Interactor */,
				792DE2DE24BC94B2009D175D /* Utilities */,
				79820C7624B71DD0006D7258 /* View */,
				79820C7A24B71E01006D7258 /* Main.swift */,
			);
			path = Main;
			sourceTree = "<group>";
		};
		79820C7324B71D43006D7258 /* City */ = {
			isa = PBXGroup;
			children = (
				79820C7724B71DDB006D7258 /* View */,
				79820C7E24B71E20006D7258 /* City.swift */,
			);
			path = City;
			sourceTree = "<group>";
		};
		79820C7424B71D4A006D7258 /* Attack */ = {
			isa = PBXGroup;
			children = (
				79820C7824B71DE1006D7258 /* View */,
				79820C8424B73A43006D7258 /* Attack.swift */,
			);
			path = Attack;
			sourceTree = "<group>";
		};
		79820C7524B71DC1006D7258 /* Teams */ = {
			isa = PBXGroup;
			children = (
				79820C7924B71DE6006D7258 /* View */,
				79820C8624B73A4D006D7258 /* Teams.swift */,
			);
			path = Teams;
			sourceTree = "<group>";
		};
		79820C7624B71DD0006D7258 /* View */ = {
			isa = PBXGroup;
			children = (
				79820C7C24B71E0C006D7258 /* MainPage.swift */,
			);
			path = View;
			sourceTree = "<group>";
		};
		79820C7724B71DDB006D7258 /* View */ = {
			isa = PBXGroup;
			children = (
				79820C8024B71E2C006D7258 /* CityPage.swift */,
			);
			path = View;
			sourceTree = "<group>";
		};
		79820C7824B71DE1006D7258 /* View */ = {
			isa = PBXGroup;
			children = (
				79820C8824B73A5B006D7258 /* AttackPage.swift */,
			);
			path = View;
			sourceTree = "<group>";
		};
		79820C7924B71DE6006D7258 /* View */ = {
			isa = PBXGroup;
			children = (
				79820C8A24B73A67006D7258 /* TeamsPage.swift */,
			);
			path = View;
			sourceTree = "<group>";
		};
		79C39EE824B8B0C200803C00 /* SlideInMenu */ = {
			isa = PBXGroup;
			children = (
				79C39EE924B8B0E800803C00 /* View */,
				79C39EEA24B8B11400803C00 /* SlideInMenu.swift */,
			);
			path = SlideInMenu;
			sourceTree = "<group>";
		};
		79C39EE924B8B0E800803C00 /* View */ = {
			isa = PBXGroup;
			children = (
				79C39EEC24B8B12000803C00 /* SlideInMenuView.swift */,
			);
			path = View;
			sourceTree = "<group>";
		};
		949F0AF84BE2BB186A73D15E /* Frameworks */ = {
			isa = PBXGroup;
			children = (
				A22C343B8C5C4E5D915B7CB6 /* Pods_Undersea.framework */,
			);
			name = Frameworks;
			sourceTree = "<group>";
		};
/* End PBXGroup section */

/* Begin PBXNativeTarget section */
		7922A9C624B4BBB8002A7957 /* Undersea */ = {
			isa = PBXNativeTarget;
			buildConfigurationList = 7922A9DB24B4BBBA002A7957 /* Build configuration list for PBXNativeTarget "Undersea" */;
			buildPhases = (
				512B6D992B250EE460761256 /* [CP] Check Pods Manifest.lock */,
				7922A9C324B4BBB8002A7957 /* Sources */,
				7922A9C424B4BBB8002A7957 /* Frameworks */,
				7922A9C524B4BBB8002A7957 /* Resources */,
				CEDE81757AC4E1808A2A0855 /* [CP] Embed Pods Frameworks */,
			);
			buildRules = (
			);
			dependencies = (
			);
			name = Undersea;
			productName = Undersea;
			productReference = 7922A9C724B4BBB8002A7957 /* Undersea.app */;
			productType = "com.apple.product-type.application";
		};
/* End PBXNativeTarget section */

/* Begin PBXProject section */
		7922A9BF24B4BBB7002A7957 /* Project object */ = {
			isa = PBXProject;
			attributes = {
				LastSwiftUpdateCheck = 1150;
				LastUpgradeCheck = 1150;
				ORGANIZATIONNAME = "Vekety Robin";
				TargetAttributes = {
					7922A9C624B4BBB8002A7957 = {
						CreatedOnToolsVersion = 11.5;
					};
				};
			};
			buildConfigurationList = 7922A9C224B4BBB7002A7957 /* Build configuration list for PBXProject "Undersea" */;
			compatibilityVersion = "Xcode 9.3";
			developmentRegion = en;
			hasScannedForEncodings = 0;
			knownRegions = (
				en,
				Base,
			);
			mainGroup = 7922A9BE24B4BBB7002A7957;
			productRefGroup = 7922A9C824B4BBB8002A7957 /* Products */;
			projectDirPath = "";
			projectRoot = "";
			targets = (
				7922A9C624B4BBB8002A7957 /* Undersea */,
			);
		};
/* End PBXProject section */

/* Begin PBXResourcesBuildPhase section */
		7922A9C524B4BBB8002A7957 /* Resources */ = {
			isa = PBXResourcesBuildPhase;
			buildActionMask = 2147483647;
			files = (
				7922A9D724B4BBBA002A7957 /* LaunchScreen.storyboard in Resources */,
				79820C6D24B716E5006D7258 /* underseaLogo.svg in Resources */,
				7922A9E824B4CA7C002A7957 /* Baloo2-ExtraBold.ttf in Resources */,
				7922A9EC24B4CA7C002A7957 /* Baloo2-SemiBold.ttf in Resources */,
				799C0DCA24B8B3BC00CEBD2E /* seahorse.svg in Resources */,
				799C0DC324B8B39900CEBD2E /* shark.svg in Resources */,
				799C0DCB24B8B3BC00CEBD2E /* seal.svg in Resources */,
				7922A9EA24B4CA7C002A7957 /* Baloo2-Medium.ttf in Resources */,
				799C0DCE24B8B3BC00CEBD2E /* coral.svg in Resources */,
				799C0DCF24B8B3BC00CEBD2E /* flowRegulator.svg in Resources */,
				79820C5B24B716C1006D7258 /* attack.svg in Resources */,
				7922A9EB24B4CA7C002A7957 /* Baloo2-Bold.ttf in Resources */,
				79820C5A24B716C1006D7258 /* main.svg in Resources */,
				79820C6C24B716E5006D7258 /* userImage.svg in Resources */,
				79820C5824B716C1006D7258 /* teams.svg in Resources */,
				799C0DCD24B8B3BC00CEBD2E /* pearl.svg in Resources */,
				7922A9D424B4BBBA002A7957 /* Preview Assets.xcassets in Resources */,
				7922A9E924B4CA7C002A7957 /* Baloo2-Regular.ttf in Resources */,
				79820C5924B716C1006D7258 /* city.svg in Resources */,
				799C0DCC24B8B3BC00CEBD2E /* reefcastle.svg in Resources */,
				7922A9D124B4BBBA002A7957 /* Assets.xcassets in Resources */,
			);
			runOnlyForDeploymentPostprocessing = 0;
		};
/* End PBXResourcesBuildPhase section */

/* Begin PBXShellScriptBuildPhase section */
		512B6D992B250EE460761256 /* [CP] Check Pods Manifest.lock */ = {
			isa = PBXShellScriptBuildPhase;
			buildActionMask = 2147483647;
			files = (
			);
			inputFileListPaths = (
			);
			inputPaths = (
				"${PODS_PODFILE_DIR_PATH}/Podfile.lock",
				"${PODS_ROOT}/Manifest.lock",
			);
			name = "[CP] Check Pods Manifest.lock";
			outputFileListPaths = (
			);
			outputPaths = (
				"$(DERIVED_FILE_DIR)/Pods-Undersea-checkManifestLockResult.txt",
			);
			runOnlyForDeploymentPostprocessing = 0;
			shellPath = /bin/sh;
			shellScript = "diff \"${PODS_PODFILE_DIR_PATH}/Podfile.lock\" \"${PODS_ROOT}/Manifest.lock\" > /dev/null\nif [ $? != 0 ] ; then\n    # print error to STDERR\n    echo \"error: The sandbox is not in sync with the Podfile.lock. Run 'pod install' or update your CocoaPods installation.\" >&2\n    exit 1\nfi\n# This output is used by Xcode 'outputs' to avoid re-running this script phase.\necho \"SUCCESS\" > \"${SCRIPT_OUTPUT_FILE_0}\"\n";
			showEnvVarsInLog = 0;
		};
		CEDE81757AC4E1808A2A0855 /* [CP] Embed Pods Frameworks */ = {
			isa = PBXShellScriptBuildPhase;
			buildActionMask = 2147483647;
			files = (
			);
			inputFileListPaths = (
				"${PODS_ROOT}/Target Support Files/Pods-Undersea/Pods-Undersea-frameworks-${CONFIGURATION}-input-files.xcfilelist",
			);
			name = "[CP] Embed Pods Frameworks";
			outputFileListPaths = (
				"${PODS_ROOT}/Target Support Files/Pods-Undersea/Pods-Undersea-frameworks-${CONFIGURATION}-output-files.xcfilelist",
			);
			runOnlyForDeploymentPostprocessing = 0;
			shellPath = /bin/sh;
			shellScript = "\"${PODS_ROOT}/Target Support Files/Pods-Undersea/Pods-Undersea-frameworks.sh\"\n";
			showEnvVarsInLog = 0;
		};
/* End PBXShellScriptBuildPhase section */

/* Begin PBXSourcesBuildPhase section */
		7922A9C324B4BBB8002A7957 /* Sources */ = {
			isa = PBXSourcesBuildPhase;
			buildActionMask = 2147483647;
			files = (
				792DE2F724BCAF8B009D175D /* StructureType.swift in Sources */,
				792DE2DD24BC8DE3009D175D /* MainPageDTO.swift in Sources */,
				792DE2E324BC962F009D175D /* MainApiWorker.swift in Sources */,
				79820C8724B73A4D006D7258 /* Teams.swift in Sources */,
				794CAAE724B60764007DC9C7 /* RegisterPage.swift in Sources */,
				792DE2EE24BCA3DE009D175D /* MainPresenter.swift in Sources */,
				79820C8924B73A5B006D7258 /* AttackPage.swift in Sources */,
				792DE2EB24BC9C48009D175D /* MainEvents.swift in Sources */,
				79820C8124B71E2C006D7258 /* CityPage.swift in Sources */,
				79820C8D24B7415C006D7258 /* CustomTabBar.swift in Sources */,
				794CAACF24B5C577007DC9C7 /* ApiError.swift in Sources */,
				79820C8B24B73A67006D7258 /* TeamsPage.swift in Sources */,
				792DE2E624BC9B37009D175D /* MainInteractor.swift in Sources */,
				794CAAD924B5CDF5007DC9C7 /* Colors.swift in Sources */,
				794CAAD624B5C730007DC9C7 /* LoginPage.swift in Sources */,
				794CAADF24B5EBEC007DC9C7 /* SeaButton.swift in Sources */,
				794CAAE524B60753007DC9C7 /* Register.swift in Sources */,
				7922A9CB24B4BBB8002A7957 /* AppDelegate.swift in Sources */,
				79820C7124B71D08006D7258 /* TabController.swift in Sources */,
				794CAACB24B5C51B007DC9C7 /* BaseApiWorker.swift in Sources */,
				79C39EED24B8B12000803C00 /* SlideInMenuView.swift in Sources */,
				794CAACA24B5C51B007DC9C7 /* BaseApiService.swift in Sources */,
				794CAACC24B5C51B007DC9C7 /* ServerProxy.swift in Sources */,
				792DE2E924BC9C16009D175D /* MainUsecases.swift in Sources */,
				79820C8524B73A43006D7258 /* Attack.swift in Sources */,
				7947D99D24B8678700C5306D /* HostingController.swift in Sources */,
				7922A9CD24B4BBB8002A7957 /* SceneDelegate.swift in Sources */,
				79820C7B24B71E01006D7258 /* Main.swift in Sources */,
				7947D99624B84A2700C5306D /* UIColor+Extension.swift in Sources */,
				7947D99B24B85A5400C5306D /* View+Extension.swift in Sources */,
				7947D99924B859F100C5306D /* NavigationBarModifier.swift in Sources */,
				7922A9CF24B4BBB8002A7957 /* ContentView.swift in Sources */,
				794CAADC24B5CF38007DC9C7 /* Color+Extension.swift in Sources */,
				79820C7D24B71E0C006D7258 /* MainPage.swift in Sources */,
				79820C5024B707F7006D7258 /* RootPageController.swift in Sources */,
				792DE2F524BCAAB4009D175D /* StatusBarItem.swift in Sources */,
				794CAAD324B5C6FB007DC9C7 /* Login.swift in Sources */,
				792DE2F124BCA6A4009D175D /* MainViewModel.swift in Sources */,
				79820C8F24B76155006D7258 /* SVGImage.swift in Sources */,
				79C39EEB24B8B11400803C00 /* SlideInMenu.swift in Sources */,
				794C674824B6F8AD006D1F2B /* RootPage.swift in Sources */,
				792DE2F324BCA76A009D175D /* MainPageViewModel.swift in Sources */,
				794CAAE124B5FB61007DC9C7 /* SeaInputField.swift in Sources */,
				79820C7F24B71E20006D7258 /* City.swift in Sources */,
				792DE2E124BC94EA009D175D /* MainApiService.swift in Sources */,
			);
			runOnlyForDeploymentPostprocessing = 0;
		};
/* End PBXSourcesBuildPhase section */

/* Begin PBXVariantGroup section */
		7922A9D524B4BBBA002A7957 /* LaunchScreen.storyboard */ = {
			isa = PBXVariantGroup;
			children = (
				7922A9D624B4BBBA002A7957 /* Base */,
			);
			name = LaunchScreen.storyboard;
			sourceTree = "<group>";
		};
/* End PBXVariantGroup section */

/* Begin XCBuildConfiguration section */
		7922A9D924B4BBBA002A7957 /* Debug */ = {
			isa = XCBuildConfiguration;
			buildSettings = {
				ALWAYS_SEARCH_USER_PATHS = NO;
				CLANG_ANALYZER_NONNULL = YES;
				CLANG_ANALYZER_NUMBER_OBJECT_CONVERSION = YES_AGGRESSIVE;
				CLANG_CXX_LANGUAGE_STANDARD = "gnu++14";
				CLANG_CXX_LIBRARY = "libc++";
				CLANG_ENABLE_MODULES = YES;
				CLANG_ENABLE_OBJC_ARC = YES;
				CLANG_ENABLE_OBJC_WEAK = YES;
				CLANG_WARN_BLOCK_CAPTURE_AUTORELEASING = YES;
				CLANG_WARN_BOOL_CONVERSION = YES;
				CLANG_WARN_COMMA = YES;
				CLANG_WARN_CONSTANT_CONVERSION = YES;
				CLANG_WARN_DEPRECATED_OBJC_IMPLEMENTATIONS = YES;
				CLANG_WARN_DIRECT_OBJC_ISA_USAGE = YES_ERROR;
				CLANG_WARN_DOCUMENTATION_COMMENTS = YES;
				CLANG_WARN_EMPTY_BODY = YES;
				CLANG_WARN_ENUM_CONVERSION = YES;
				CLANG_WARN_INFINITE_RECURSION = YES;
				CLANG_WARN_INT_CONVERSION = YES;
				CLANG_WARN_NON_LITERAL_NULL_CONVERSION = YES;
				CLANG_WARN_OBJC_IMPLICIT_RETAIN_SELF = YES;
				CLANG_WARN_OBJC_LITERAL_CONVERSION = YES;
				CLANG_WARN_OBJC_ROOT_CLASS = YES_ERROR;
				CLANG_WARN_RANGE_LOOP_ANALYSIS = YES;
				CLANG_WARN_STRICT_PROTOTYPES = YES;
				CLANG_WARN_SUSPICIOUS_MOVE = YES;
				CLANG_WARN_UNGUARDED_AVAILABILITY = YES_AGGRESSIVE;
				CLANG_WARN_UNREACHABLE_CODE = YES;
				CLANG_WARN__DUPLICATE_METHOD_MATCH = YES;
				COPY_PHASE_STRIP = NO;
				DEBUG_INFORMATION_FORMAT = dwarf;
				ENABLE_STRICT_OBJC_MSGSEND = YES;
				ENABLE_TESTABILITY = YES;
				GCC_C_LANGUAGE_STANDARD = gnu11;
				GCC_DYNAMIC_NO_PIC = NO;
				GCC_NO_COMMON_BLOCKS = YES;
				GCC_OPTIMIZATION_LEVEL = 0;
				GCC_PREPROCESSOR_DEFINITIONS = (
					"DEBUG=1",
					"$(inherited)",
				);
				GCC_WARN_64_TO_32_BIT_CONVERSION = YES;
				GCC_WARN_ABOUT_RETURN_TYPE = YES_ERROR;
				GCC_WARN_UNDECLARED_SELECTOR = YES;
				GCC_WARN_UNINITIALIZED_AUTOS = YES_AGGRESSIVE;
				GCC_WARN_UNUSED_FUNCTION = YES;
				GCC_WARN_UNUSED_VARIABLE = YES;
				IPHONEOS_DEPLOYMENT_TARGET = 13.5;
				MTL_ENABLE_DEBUG_INFO = INCLUDE_SOURCE;
				MTL_FAST_MATH = YES;
				ONLY_ACTIVE_ARCH = YES;
				SDKROOT = iphoneos;
				SWIFT_ACTIVE_COMPILATION_CONDITIONS = DEBUG;
				SWIFT_OPTIMIZATION_LEVEL = "-Onone";
			};
			name = Debug;
		};
		7922A9DA24B4BBBA002A7957 /* Release */ = {
			isa = XCBuildConfiguration;
			buildSettings = {
				ALWAYS_SEARCH_USER_PATHS = NO;
				CLANG_ANALYZER_NONNULL = YES;
				CLANG_ANALYZER_NUMBER_OBJECT_CONVERSION = YES_AGGRESSIVE;
				CLANG_CXX_LANGUAGE_STANDARD = "gnu++14";
				CLANG_CXX_LIBRARY = "libc++";
				CLANG_ENABLE_MODULES = YES;
				CLANG_ENABLE_OBJC_ARC = YES;
				CLANG_ENABLE_OBJC_WEAK = YES;
				CLANG_WARN_BLOCK_CAPTURE_AUTORELEASING = YES;
				CLANG_WARN_BOOL_CONVERSION = YES;
				CLANG_WARN_COMMA = YES;
				CLANG_WARN_CONSTANT_CONVERSION = YES;
				CLANG_WARN_DEPRECATED_OBJC_IMPLEMENTATIONS = YES;
				CLANG_WARN_DIRECT_OBJC_ISA_USAGE = YES_ERROR;
				CLANG_WARN_DOCUMENTATION_COMMENTS = YES;
				CLANG_WARN_EMPTY_BODY = YES;
				CLANG_WARN_ENUM_CONVERSION = YES;
				CLANG_WARN_INFINITE_RECURSION = YES;
				CLANG_WARN_INT_CONVERSION = YES;
				CLANG_WARN_NON_LITERAL_NULL_CONVERSION = YES;
				CLANG_WARN_OBJC_IMPLICIT_RETAIN_SELF = YES;
				CLANG_WARN_OBJC_LITERAL_CONVERSION = YES;
				CLANG_WARN_OBJC_ROOT_CLASS = YES_ERROR;
				CLANG_WARN_RANGE_LOOP_ANALYSIS = YES;
				CLANG_WARN_STRICT_PROTOTYPES = YES;
				CLANG_WARN_SUSPICIOUS_MOVE = YES;
				CLANG_WARN_UNGUARDED_AVAILABILITY = YES_AGGRESSIVE;
				CLANG_WARN_UNREACHABLE_CODE = YES;
				CLANG_WARN__DUPLICATE_METHOD_MATCH = YES;
				COPY_PHASE_STRIP = NO;
				DEBUG_INFORMATION_FORMAT = "dwarf-with-dsym";
				ENABLE_NS_ASSERTIONS = NO;
				ENABLE_STRICT_OBJC_MSGSEND = YES;
				GCC_C_LANGUAGE_STANDARD = gnu11;
				GCC_NO_COMMON_BLOCKS = YES;
				GCC_WARN_64_TO_32_BIT_CONVERSION = YES;
				GCC_WARN_ABOUT_RETURN_TYPE = YES_ERROR;
				GCC_WARN_UNDECLARED_SELECTOR = YES;
				GCC_WARN_UNINITIALIZED_AUTOS = YES_AGGRESSIVE;
				GCC_WARN_UNUSED_FUNCTION = YES;
				GCC_WARN_UNUSED_VARIABLE = YES;
				IPHONEOS_DEPLOYMENT_TARGET = 13.5;
				MTL_ENABLE_DEBUG_INFO = NO;
				MTL_FAST_MATH = YES;
				SDKROOT = iphoneos;
				SWIFT_COMPILATION_MODE = wholemodule;
				SWIFT_OPTIMIZATION_LEVEL = "-O";
				VALIDATE_PRODUCT = YES;
			};
			name = Release;
		};
		7922A9DC24B4BBBA002A7957 /* Debug */ = {
			isa = XCBuildConfiguration;
			baseConfigurationReference = 7B2A8D040160C9A807195C73 /* Pods-Undersea.debug.xcconfig */;
			buildSettings = {
				ASSETCATALOG_COMPILER_APPICON_NAME = AppIcon;
				CODE_SIGN_STYLE = Automatic;
				DEVELOPMENT_ASSET_PATHS = "\"Undersea/Preview Content\"";
				DEVELOPMENT_TEAM = HMQGY678CA;
				ENABLE_PREVIEWS = YES;
				INFOPLIST_FILE = Undersea/Info.plist;
				LD_RUNPATH_SEARCH_PATHS = (
					"$(inherited)",
					"@executable_path/Frameworks",
				);
				PRODUCT_BUNDLE_IDENTIFIER = hu.encosoft.Undersea;
				PRODUCT_NAME = "$(TARGET_NAME)";
				SWIFT_VERSION = 5.0;
				TARGETED_DEVICE_FAMILY = "1,2";
			};
			name = Debug;
		};
		7922A9DD24B4BBBA002A7957 /* Release */ = {
			isa = XCBuildConfiguration;
			baseConfigurationReference = 0407B9A606DA13EEE39D4DF7 /* Pods-Undersea.release.xcconfig */;
			buildSettings = {
				ASSETCATALOG_COMPILER_APPICON_NAME = AppIcon;
				CODE_SIGN_STYLE = Automatic;
				DEVELOPMENT_ASSET_PATHS = "\"Undersea/Preview Content\"";
				DEVELOPMENT_TEAM = HMQGY678CA;
				ENABLE_PREVIEWS = YES;
				INFOPLIST_FILE = Undersea/Info.plist;
				LD_RUNPATH_SEARCH_PATHS = (
					"$(inherited)",
					"@executable_path/Frameworks",
				);
				PRODUCT_BUNDLE_IDENTIFIER = hu.encosoft.Undersea;
				PRODUCT_NAME = "$(TARGET_NAME)";
				SWIFT_VERSION = 5.0;
				TARGETED_DEVICE_FAMILY = "1,2";
			};
			name = Release;
		};
/* End XCBuildConfiguration section */

/* Begin XCConfigurationList section */
		7922A9C224B4BBB7002A7957 /* Build configuration list for PBXProject "Undersea" */ = {
			isa = XCConfigurationList;
			buildConfigurations = (
				7922A9D924B4BBBA002A7957 /* Debug */,
				7922A9DA24B4BBBA002A7957 /* Release */,
			);
			defaultConfigurationIsVisible = 0;
			defaultConfigurationName = Release;
		};
		7922A9DB24B4BBBA002A7957 /* Build configuration list for PBXNativeTarget "Undersea" */ = {
			isa = XCConfigurationList;
			buildConfigurations = (
				7922A9DC24B4BBBA002A7957 /* Debug */,
				7922A9DD24B4BBBA002A7957 /* Release */,
			);
			defaultConfigurationIsVisible = 0;
			defaultConfigurationName = Release;
		};
/* End XCConfigurationList section */
	};
	rootObject = 7922A9BF24B4BBB7002A7957 /* Project object */;
}
