PODS:
  - Alamofire (5.2.2)
  - BlueCryptor (1.0.32)
  - BlueECC (1.2.5)
  - BlueRSA (1.0.34)
  - CocoaLumberjack/Core (3.6.1)
  - CocoaLumberjack/Swift (3.6.1):
    - CocoaLumberjack/Core
  - Introspect (0.1.0)
  - KeychainAccess (4.2.0)
  - KituraContracts (1.2.1):
    - LoggerAPI (~> 1.7)
  - LoggerAPI (1.9.0):
    - Logging (~> 1.1)
  - Logging (1.2.0)
  - Macaw (0.9.6):
    - SWXMLHash
  - Moya (14.0.0):
    - Moya/Core (= 14.0.0)
  - Moya/Core (14.0.0):
    - Alamofire (~> 5.0)
  - R.swift (5.2.2):
    - R.swift.Library (~> 5.2.0)
  - R.swift.Library (5.2.0)
  - SwiftJWT (3.5.3):
    - BlueCryptor (~> 1.0)
    - BlueECC (~> 1.1)
    - BlueRSA (~> 1.0)
    - KituraContracts (~> 1.1)
    - LoggerAPI (~> 1.7)
  - SwiftSignalRClient (0.7.0)
  - SWXMLHash (5.0.1)

DEPENDENCIES:
  - CocoaLumberjack/Swift (= 3.6.1)
  - Introspect (= 0.1.0)
  - KeychainAccess (= 4.2.0)
  - Macaw (= 0.9.6)
  - Moya (= 14.0.0)
  - R.swift (= 5.2.2)
  - SwiftJWT (= 3.5.3)
  - SwiftSignalRClient (= 0.7.0)

SPEC REPOS:
  trunk:
    - Alamofire
    - BlueCryptor
    - BlueECC
    - BlueRSA
    - CocoaLumberjack
    - Introspect
    - KeychainAccess
    - KituraContracts
    - LoggerAPI
    - Logging
    - Macaw
    - Moya
    - R.swift
    - R.swift.Library
    - SwiftJWT
    - SwiftSignalRClient
    - SWXMLHash

SPEC CHECKSUMS:
  Alamofire: 814429acc853c6c54ff123fc3d2ef66803823ce0
  BlueCryptor: b0aee3d9b8f367b49b30de11cda90e1735571c24
  BlueECC: 0d18e93347d3ec6d41416de21c1ffa4d4cd3c2cc
  BlueRSA: 6f9776d62d9773502415a7db3bcbb2bbb3f71fc3
  CocoaLumberjack: b17ae15142558d08bbacf69775fa10c4abbebcc9
  Introspect: ad32f2b7b9e7ac2c008b9dfec3d5325fbd3660fa
  KeychainAccess: 3f760109aa99b05d0f231e28b22642da7153e38a
  KituraContracts: e845e60dc8627ad0a76fa55ef20a45451d8f830b
  LoggerAPI: fb78461eedac5316b290f2404d88b9d614d96c57
  Logging: 7838d379d234d7e5ae1265fa02804a9084caf04c
  Macaw: 8306d775625ba003beee4186b9533fd7cf284024
  Moya: 5b45dacb75adb009f97fde91c204c1e565d31916
  R.swift: 7c52cdc57a66840ffe6cbd8a823d732059d42a32
  R.swift.Library: 5ba4f1631300caf9a4d890186930da85d540769d
  SwiftJWT: 9a47a71090cae25767078756b5810e3b630aa9a7
  SwiftSignalRClient: e6f88d5984da218a2b23fc974a56191db4fa6ae6
  SWXMLHash: 9cc0c2e4807926c74377724aa8722ee5707a0485

PODFILE CHECKSUM: 40141909a297461f981f211f8e35fb71ed7ac58a

COCOAPODS: 1.9.3
